
Microsoft Visual Studio Solution File, Format Version 12.00
# Visual Studio 15
VisualStudioVersion = 15.0.27004.2006
MinimumVisualStudioVersion = 10.0.40219.1
Project("{FAE04EC0-301F-11D3-BF4B-00C04F79EFBC}") = "MostraRota", "MostraRota\MostraRota\MostraRota.csproj", "{41490EEA-4F64-4E98-9311-C0B9097BC440}"
EndProject
Project("{FAE04EC0-301F-11D3-BF4B-00C04F79EFBC}") = "MostraRota.Android", "MostraRota\MostraRota.Android\MostraRota.Android.csproj", "{D7485388-4BE8-48DF-B3C3-4B89BF38F54D}"
EndProject
Project("{FAE04EC0-301F-11D3-BF4B-00C04F79EFBC}") = "MostraRota.iOS", "MostraRota\MostraRota.iOS\MostraRota.iOS.csproj", "{E92C44BF-0CB3-4F40-94A7-B4646A38BA46}"
EndProject
Project("{FAE04EC0-301F-11D3-BF4B-00C04F79EFBC}") = "MostraRota.UWP", "MostraRota\MostraRota.UWP\MostraRota.UWP.csproj", "{2C8AF17C-F303-4568-944B-E9A6822AAFF6}"
EndProject
Global
	GlobalSection(SolutionConfigurationPlatforms) = preSolution
		Debug|Any CPU = Debug|Any CPU
		Debug|ARM = Debug|ARM
		Debug|iPhone = Debug|iPhone
		Debug|iPhoneSimulator = Debug|iPhoneSimulator
		Debug|x64 = Debug|x64
		Debug|x86 = Debug|x86
		Release|Any CPU = Release|Any CPU
		Release|ARM = Release|ARM
		Release|iPhone = Release|iPhone
		Release|iPhoneSimulator = Release|iPhoneSimulator
		Release|x64 = Release|x64
		Release|x86 = Release|x86
	EndGlobalSection
	GlobalSection(ProjectConfigurationPlatforms) = postSolution
		{41490EEA-4F64-4E98-9311-C0B9097BC440}.Debug|Any CPU.ActiveCfg = Debug|Any CPU
		{41490EEA-4F64-4E98-9311-C0B9097BC440}.Debug|Any CPU.Build.0 = Debug|Any CPU
		{41490EEA-4F64-4E98-9311-C0B9097BC440}.Debug|ARM.ActiveCfg = Debug|Any CPU
		{41490EEA-4F64-4E98-9311-C0B9097BC440}.Debug|ARM.Build.0 = Debug|Any CPU
		{41490EEA-4F64-4E98-9311-C0B9097BC440}.Debug|iPhone.ActiveCfg = Debug|Any CPU
		{41490EEA-4F64-4E98-9311-C0B9097BC440}.Debug|iPhone.Build.0 = Debug|Any CPU
		{41490EEA-4F64-4E98-9311-C0B9097BC440}.Debug|iPhoneSimulator.ActiveCfg = Debug|Any CPU
		{41490EEA-4F64-4E98-9311-C0B9097BC440}.Debug|iPhoneSimulator.Build.0 = Debug|Any CPU
		{41490EEA-4F64-4E98-9311-C0B9097BC440}.Debug|x64.ActiveCfg = Debug|Any CPU
		{41490EEA-4F64-4E98-9311-C0B9097BC440}.Debug|x64.Build.0 = Debug|Any CPU
		{41490EEA-4F64-4E98-9311-C0B9097BC440}.Debug|x86.ActiveCfg = Debug|Any CPU
		{41490EEA-4F64-4E98-9311-C0B9097BC440}.Debug|x86.Build.0 = Debug|Any CPU
		{41490EEA-4F64-4E98-9311-C0B9097BC440}.Release|Any CPU.ActiveCfg = Release|Any CPU
		{41490EEA-4F64-4E98-9311-C0B9097BC440}.Release|Any CPU.Build.0 = Release|Any CPU
		{41490EEA-4F64-4E98-9311-C0B9097BC440}.Release|ARM.ActiveCfg = Release|Any CPU
		{41490EEA-4F64-4E98-9311-C0B9097BC440}.Release|ARM.Build.0 = Release|Any CPU
		{41490EEA-4F64-4E98-9311-C0B9097BC440}.Release|iPhone.ActiveCfg = Release|Any CPU
		{41490EEA-4F64-4E98-9311-C0B9097BC440}.Release|iPhone.Build.0 = Release|Any CPU
		{41490EEA-4F64-4E98-9311-C0B9097BC440}.Release|iPhoneSimulator.ActiveCfg = Release|Any CPU
		{41490EEA-4F64-4E98-9311-C0B9097BC440}.Release|iPhoneSimulator.Build.0 = Release|Any CPU
		{41490EEA-4F64-4E98-9311-C0B9097BC440}.Release|x64.ActiveCfg = Release|Any CPU
		{41490EEA-4F64-4E98-9311-C0B9097BC440}.Release|x64.Build.0 = Release|Any CPU
		{41490EEA-4F64-4E98-9311-C0B9097BC440}.Release|x86.ActiveCfg = Release|Any CPU
		{41490EEA-4F64-4E98-9311-C0B9097BC440}.Release|x86.Build.0 = Release|Any CPU
		{D7485388-4BE8-48DF-B3C3-4B89BF38F54D}.Debug|Any CPU.ActiveCfg = Debug|Any CPU
		{D7485388-4BE8-48DF-B3C3-4B89BF38F54D}.Debug|Any CPU.Build.0 = Debug|Any CPU
		{D7485388-4BE8-48DF-B3C3-4B89BF38F54D}.Debug|Any CPU.Deploy.0 = Debug|Any CPU
		{D7485388-4BE8-48DF-B3C3-4B89BF38F54D}.Debug|ARM.ActiveCfg = Debug|Any CPU
		{D7485388-4BE8-48DF-B3C3-4B89BF38F54D}.Debug|ARM.Build.0 = Debug|Any CPU
		{D7485388-4BE8-48DF-B3C3-4B89BF38F54D}.Debug|ARM.Deploy.0 = Debug|Any CPU
		{D7485388-4BE8-48DF-B3C3-4B89BF38F54D}.Debug|iPhone.ActiveCfg = Debug|Any CPU
		{D7485388-4BE8-48DF-B3C3-4B89BF38F54D}.Debug|iPhone.Build.0 = Debug|Any CPU
		{D7485388-4BE8-48DF-B3C3-4B89BF38F54D}.Debug|iPhone.Deploy.0 = Debug|Any CPU
		{D7485388-4BE8-48DF-B3C3-4B89BF38F54D}.Debug|iPhoneSimulator.ActiveCfg = Debug|Any CPU
		{D7485388-4BE8-48DF-B3C3-4B89BF38F54D}.Debug|iPhoneSimulator.Build.0 = Debug|Any CPU
		{D7485388-4BE8-48DF-B3C3-4B89BF38F54D}.Debug|iPhoneSimulator.Deploy.0 = Debug|Any CPU
		{D7485388-4BE8-48DF-B3C3-4B89BF38F54D}.Debug|x64.ActiveCfg = Debug|Any CPU
		{D7485388-4BE8-48DF-B3C3-4B89BF38F54D}.Debug|x64.Build.0 = Debug|Any CPU
		{D7485388-4BE8-48DF-B3C3-4B89BF38F54D}.Debug|x64.Deploy.0 = Debug|Any CPU
		{D7485388-4BE8-48DF-B3C3-4B89BF38F54D}.Debug|x86.ActiveCfg = Debug|Any CPU
		{D7485388-4BE8-48DF-B3C3-4B89BF38F54D}.Debug|x86.Build.0 = Debug|Any CPU
		{D7485388-4BE8-48DF-B3C3-4B89BF38F54D}.Debug|x86.Deploy.0 = Debug|Any CPU
		{D7485388-4BE8-48DF-B3C3-4B89BF38F54D}.Release|Any CPU.ActiveCfg = Release|Any CPU
		{D7485388-4BE8-48DF-B3C3-4B89BF38F54D}.Release|Any CPU.Build.0 = Release|Any CPU
		{D7485388-4BE8-48DF-B3C3-4B89BF38F54D}.Release|Any CPU.Deploy.0 = Release|Any CPU
		{D7485388-4BE8-48DF-B3C3-4B89BF38F54D}.Release|ARM.ActiveCfg = Release|Any CPU
		{D7485388-4BE8-48DF-B3C3-4B89BF38F54D}.Release|ARM.Build.0 = Release|Any CPU
		{D7485388-4BE8-48DF-B3C3-4B89BF38F54D}.Release|ARM.Deploy.0 = Release|Any CPU
		{D7485388-4BE8-48DF-B3C3-4B89BF38F54D}.Release|iPhone.ActiveCfg = Release|Any CPU
		{D7485388-4BE8-48DF-B3C3-4B89BF38F54D}.Release|iPhone.Build.0 = Release|Any CPU
		{D7485388-4BE8-48DF-B3C3-4B89BF38F54D}.Release|iPhone.Deploy.0 = Release|Any CPU
		{D7485388-4BE8-48DF-B3C3-4B89BF38F54D}.Release|iPhoneSimulator.ActiveCfg = Release|Any CPU
		{D7485388-4BE8-48DF-B3C3-4B89BF38F54D}.Release|iPhoneSimulator.Build.0 = Release|Any CPU
		{D7485388-4BE8-48DF-B3C3-4B89BF38F54D}.Release|iPhoneSimulator.Deploy.0 = Release|Any CPU
		{D7485388-4BE8-48DF-B3C3-4B89BF38F54D}.Release|x64.ActiveCfg = Release|Any CPU
		{D7485388-4BE8-48DF-B3C3-4B89BF38F54D}.Release|x64.Build.0 = Release|Any CPU
		{D7485388-4BE8-48DF-B3C3-4B89BF38F54D}.Release|x64.Deploy.0 = Release|Any CPU
		{D7485388-4BE8-48DF-B3C3-4B89BF38F54D}.Release|x86.ActiveCfg = Release|Any CPU
		{D7485388-4BE8-48DF-B3C3-4B89BF38F54D}.Release|x86.Build.0 = Release|Any CPU
		{D7485388-4BE8-48DF-B3C3-4B89BF38F54D}.Release|x86.Deploy.0 = Release|Any CPU
		{E92C44BF-0CB3-4F40-94A7-B4646A38BA46}.Debug|Any CPU.ActiveCfg = Debug|iPhoneSimulator
		{E92C44BF-0CB3-4F40-94A7-B4646A38BA46}.Debug|ARM.ActiveCfg = Debug|iPhone
		{E92C44BF-0CB3-4F40-94A7-B4646A38BA46}.Debug|iPhone.ActiveCfg = Debug|iPhone
		{E92C44BF-0CB3-4F40-94A7-B4646A38BA46}.Debug|iPhone.Build.0 = Debug|iPhone
		{E92C44BF-0CB3-4F40-94A7-B4646A38BA46}.Debug|iPhoneSimulator.ActiveCfg = Debug|iPhoneSimulator
		{E92C44BF-0CB3-4F40-94A7-B4646A38BA46}.Debug|iPhoneSimulator.Build.0 = Debug|iPhoneSimulator
		{E92C44BF-0CB3-4F40-94A7-B4646A38BA46}.Debug|x64.ActiveCfg = Debug|iPhone
		{E92C44BF-0CB3-4F40-94A7-B4646A38BA46}.Debug|x86.ActiveCfg = Debug|iPhone
		{E92C44BF-0CB3-4F40-94A7-B4646A38BA46}.Release|Any CPU.ActiveCfg = Release|iPhoneSimulator
		{E92C44BF-0CB3-4F40-94A7-B4646A38BA46}.Release|ARM.ActiveCfg = Release|iPhone
		{E92C44BF-0CB3-4F40-94A7-B4646A38BA46}.Release|iPhone.ActiveCfg = Release|iPhone
		{E92C44BF-0CB3-4F40-94A7-B4646A38BA46}.Release|iPhone.Build.0 = Release|iPhone
		{E92C44BF-0CB3-4F40-94A7-B4646A38BA46}.Release|iPhoneSimulator.ActiveCfg = Release|iPhoneSimulator
		{E92C44BF-0CB3-4F40-94A7-B4646A38BA46}.Release|iPhoneSimulator.Build.0 = Release|iPhoneSimulator
		{E92C44BF-0CB3-4F40-94A7-B4646A38BA46}.Release|x64.ActiveCfg = Release|iPhone
		{E92C44BF-0CB3-4F40-94A7-B4646A38BA46}.Release|x86.ActiveCfg = Release|iPhone
		{2C8AF17C-F303-4568-944B-E9A6822AAFF6}.Debug|Any CPU.ActiveCfg = Debug|x86
		{2C8AF17C-F303-4568-944B-E9A6822AAFF6}.Debug|ARM.ActiveCfg = Debug|ARM
		{2C8AF17C-F303-4568-944B-E9A6822AAFF6}.Debug|ARM.Build.0 = Debug|ARM
		{2C8AF17C-F303-4568-944B-E9A6822AAFF6}.Debug|ARM.Deploy.0 = Debug|ARM
		{2C8AF17C-F303-4568-944B-E9A6822AAFF6}.Debug|iPhone.ActiveCfg = Debug|x86
		{2C8AF17C-F303-4568-944B-E9A6822AAFF6}.Debug|iPhoneSimulator.ActiveCfg = Debug|x86
		{2C8AF17C-F303-4568-944B-E9A6822AAFF6}.Debug|x64.ActiveCfg = Debug|x64
		{2C8AF17C-F303-4568-944B-E9A6822AAFF6}.Debug|x64.Build.0 = Debug|x64
		{2C8AF17C-F303-4568-944B-E9A6822AAFF6}.Debug|x64.Deploy.0 = Debug|x64
		{2C8AF17C-F303-4568-944B-E9A6822AAFF6}.Debug|x86.ActiveCfg = Debug|x86
		{2C8AF17C-F303-4568-944B-E9A6822AAFF6}.Debug|x86.Build.0 = Debug|x86
		{2C8AF17C-F303-4568-944B-E9A6822AAFF6}.Debug|x86.Deploy.0 = Debug|x86
		{2C8AF17C-F303-4568-944B-E9A6822AAFF6}.Release|Any CPU.ActiveCfg = Release|x86
		{2C8AF17C-F303-4568-944B-E9A6822AAFF6}.Release|ARM.ActiveCfg = Release|ARM
		{2C8AF17C-F303-4568-944B-E9A6822AAFF6}.Release|ARM.Build.0 = Release|ARM
		{2C8AF17C-F303-4568-944B-E9A6822AAFF6}.Release|ARM.Deploy.0 = Release|ARM
		{2C8AF17C-F303-4568-944B-E9A6822AAFF6}.Release|iPhone.ActiveCfg = Release|x86
		{2C8AF17C-F303-4568-944B-E9A6822AAFF6}.Release|iPhoneSimulator.ActiveCfg = Release|x86
		{2C8AF17C-F303-4568-944B-E9A6822AAFF6}.Release|x64.ActiveCfg = Release|x64
		{2C8AF17C-F303-4568-944B-E9A6822AAFF6}.Release|x64.Build.0 = Release|x64
		{2C8AF17C-F303-4568-944B-E9A6822AAFF6}.Release|x64.Deploy.0 = Release|x64
		{2C8AF17C-F303-4568-944B-E9A6822AAFF6}.Release|x86.ActiveCfg = Release|x86
		{2C8AF17C-F303-4568-944B-E9A6822AAFF6}.Release|x86.Build.0 = Release|x86
		{2C8AF17C-F303-4568-944B-E9A6822AAFF6}.Release|x86.Deploy.0 = Release|x86
	EndGlobalSection
	GlobalSection(SolutionProperties) = preSolution
		HideSolutionNode = FALSE
	EndGlobalSection
	GlobalSection(ExtensibilityGlobals) = postSolution
		SolutionGuid = {57F6DB1B-8AC9-4E30-A597-0CB5F593397F}
	EndGlobalSection
EndGlobal
